schema: '2.0'
stages:
  ingest:
    cmd: uv run python -m src.data.ingestion
    deps:
    - path: data/raw/University of La Réunion 
        Data/dt1_solar_and_meteorological_measurement.csv
      hash: md5
      md5: 471c7408a65fcb304a3dc037ba2a5a24
      size: 2244383634
    - path: data/raw/University of La Réunion 
        Data/dt2_electrical_production_inverter_1_with_faults.csv
      hash: md5
      md5: 79f7ca4af39347cf890b47f2b541e5f5
      size: 202733474
    - path: data/raw/University of La Réunion 
        Data/dt3_electrical_production_inverter_2.csv
      hash: md5
      md5: 5c8f9325643556d1487db20dc6b77cfb
      size: 189397065
    - path: src/data/ingestion.py
      hash: md5
      md5: 67fa74db8b461232afa24ff6d125d6c4
      size: 4352
    outs:
    - path: data/interim/reunion_dt2_merged.parquet
      hash: md5
      md5: d529e1bbcef3949ede21635c03040701
      size: 44545623
    - path: data/interim/reunion_dt3_merged.parquet
      hash: md5
      md5: c66f6875287d3f354eec2a47f8e4b17a
      size: 41752957
  split:
    cmd: uv run python -m src.data.split_pipeline
    deps:
    - path: configs/data_config.yaml
      hash: md5
      md5: 30fb13c192ceeafdbcecf3810659512b
      size: 3698
    - path: data/interim/reunion_dt2_merged.parquet
      hash: md5
      md5: d529e1bbcef3949ede21635c03040701
      size: 44545623
    - path: src/data/split_pipeline.py
      hash: md5
      md5: 6e436caa7da11ad23bd5fba07c9709f2
      size: 10563
    - path: src/data/splitting.py
      hash: md5
      md5: 781994e47cfa25c3b2820055cfd8f670
      size: 27982
    outs:
    - path: data/interim/splits/anomaly_semisup/split_manifest.json
      hash: md5
      md5: 41c1faa8f9100f65d7c16ee4bc6ff8a0
      size: 862
    - path: data/interim/splits/anomaly_semisup/test.parquet
      hash: md5
      md5: 3672689128fc6489494f800bf538055c
      size: 13006353
    - path: data/interim/splits/anomaly_semisup/train.parquet
      hash: md5
      md5: 499c85a7936f6a49e9163aa7a306895d
      size: 46049024
    - path: data/interim/splits/anomaly_semisup/val.parquet
      hash: md5
      md5: 681b2a10975007eb2e7eb2b4a6aaa966
      size: 12832809
    - path: data/interim/splits/anomaly_supervised/split_manifest.json
      hash: md5
      md5: d1456dd8e76acb0add7b72e9fcc53977
      size: 2238
    - path: data/interim/splits/anomaly_supervised/test.parquet
      hash: md5
      md5: ed34e736122730b1f266128bd99a34e7
      size: 11717405
    - path: data/interim/splits/anomaly_supervised/train.parquet
      hash: md5
      md5: 4035bfb55194643b2d87222170f217ec
      size: 48613474
    - path: data/interim/splits/anomaly_supervised/val.parquet
      hash: md5
      md5: 34298391c62e9a02deeead61c997a730
      size: 11531385
    - path: data/interim/splits/classification/split_manifest.json
      hash: md5
      md5: a829406ae5abf57b0d8a72bc7bbdd7dc
      size: 485
    - path: data/interim/splits/classification/test.parquet
      hash: md5
      md5: 1a7ac45ad834eba43ed015313fdbdfb8
      size: 453951
    - path: data/interim/splits/classification/train.parquet
      hash: md5
      md5: 40a26ce8f940a61ccdce22b34a595972
      size: 1387467
    - path: data/interim/splits/classification/val.parquet
      hash: md5
      md5: cddda4bfbdfaa77fd8fa8facb0df1212
      size: 211136
    - path: data/interim/splits/prediction/split_manifest.json
      hash: md5
      md5: ac6e9f92f9a4c51099100c4743741c8f
      size: 1800
    - path: data/interim/splits/prediction/test.parquet
      hash: md5
      md5: c13ebb60cdaa32c682e4589ddda6a86e
      size: 11354491
    - path: data/interim/splits/prediction/train.parquet
      hash: md5
      md5: 923825ec9697b5e8d7667c4c0a518c82
      size: 49755954
    - path: data/interim/splits/prediction/val.parquet
      hash: md5
      md5: ce88ad7fbfda86b9de2854328c5c5e51
      size: 10791478
  preprocess:
    cmd: uv run python -m src.data.preprocess_pipeline
    deps:
    - path: configs/data_config.yaml
      hash: md5
      md5: 30fb13c192ceeafdbcecf3810659512b
      size: 3698
    - path: data/interim/splits/anomaly_semisup/test.parquet
      hash: md5
      md5: 3672689128fc6489494f800bf538055c
      size: 13006353
    - path: data/interim/splits/anomaly_semisup/train.parquet
      hash: md5
      md5: 499c85a7936f6a49e9163aa7a306895d
      size: 46049024
    - path: data/interim/splits/anomaly_semisup/val.parquet
      hash: md5
      md5: 681b2a10975007eb2e7eb2b4a6aaa966
      size: 12832809
    - path: data/interim/splits/anomaly_supervised/test.parquet
      hash: md5
      md5: ed34e736122730b1f266128bd99a34e7
      size: 11717405
    - path: data/interim/splits/anomaly_supervised/train.parquet
      hash: md5
      md5: 4035bfb55194643b2d87222170f217ec
      size: 48613474
    - path: data/interim/splits/anomaly_supervised/val.parquet
      hash: md5
      md5: 34298391c62e9a02deeead61c997a730
      size: 11531385
    - path: data/interim/splits/classification/test.parquet
      hash: md5
      md5: 1a7ac45ad834eba43ed015313fdbdfb8
      size: 453951
    - path: data/interim/splits/classification/train.parquet
      hash: md5
      md5: 40a26ce8f940a61ccdce22b34a595972
      size: 1387467
    - path: data/interim/splits/classification/val.parquet
      hash: md5
      md5: cddda4bfbdfaa77fd8fa8facb0df1212
      size: 211136
    - path: data/interim/splits/prediction/test.parquet
      hash: md5
      md5: c13ebb60cdaa32c682e4589ddda6a86e
      size: 11354491
    - path: data/interim/splits/prediction/train.parquet
      hash: md5
      md5: 923825ec9697b5e8d7667c4c0a518c82
      size: 49755954
    - path: data/interim/splits/prediction/val.parquet
      hash: md5
      md5: ce88ad7fbfda86b9de2854328c5c5e51
      size: 10791478
    - path: src/data/preprocess_pipeline.py
      hash: md5
      md5: 24849c103a2ee88fb3ead9e6e73ec432
      size: 8038
    - path: src/data/preprocessing.py
      hash: md5
      md5: d6a7518db5ca2bb4b08ce268ebff2c8a
      size: 19318
    outs:
    - path: data/processed/preprocessed/anomaly_semisup/test.parquet
      hash: md5
      md5: 0c17aa6f58e4ba11383417e2d5e84529
      size: 33733130
    - path: data/processed/preprocessed/anomaly_semisup/train.parquet
      hash: md5
      md5: 93e2de544b9d82475eb80600a27086c3
      size: 117293841
    - path: data/processed/preprocessed/anomaly_semisup/val.parquet
      hash: md5
      md5: f39f7582b29107b808d824a1913ebfb9
      size: 33164697
    - path: data/processed/preprocessed/anomaly_supervised/test.parquet
      hash: md5
      md5: 992f7218c0178575b8249d866cb85d5e
      size: 30207824
    - path: data/processed/preprocessed/anomaly_supervised/train.parquet
      hash: md5
      md5: 392e9d205329c961a9ea8a39aae8f362
      size: 124007880
    - path: data/processed/preprocessed/anomaly_supervised/val.parquet
      hash: md5
      md5: e5a0be67645453d64903ccada2c63328
      size: 29702676
    - path: data/processed/preprocessed/classification/test.parquet
      hash: md5
      md5: 903d448c2dbc0af13ede017de9ed0faf
      size: 1214410
    - path: data/processed/preprocessed/classification/train.parquet
      hash: md5
      md5: 5eb565b7af2da1c04efb6743ec30e0ed
      size: 3710484
    - path: data/processed/preprocessed/classification/val.parquet
      hash: md5
      md5: 3ac90b91648965a33ba8e8084f78b6a3
      size: 558584
    - path: data/processed/preprocessed/prediction/test.parquet
      hash: md5
      md5: e84872e9430ff8930f3f1d78b00f152c
      size: 29280756
    - path: data/processed/preprocessed/prediction/train.parquet
      hash: md5
      md5: c3ac2fccd3115575a0736e0f37179f3b
      size: 126902891
    - path: data/processed/preprocessed/prediction/val.parquet
      hash: md5
      md5: deb399e255ebe25dda8bc1c0c53ee6f7
      size: 27613874
    - path: data/processed/preprocessed/preprocess_manifest.json
      hash: md5
      md5: 5818f5a7008fbc710b15ec4c22c79068
      size: 24532
