schema: '2.0'
stages:
  ingest:
    cmd: uv run python -m src.data.ingestion
    deps:
    - path: data/raw/University of La Réunion 
        Data/dt1_solar_and_meteorological_measurement.csv
      hash: md5
      md5: 471c7408a65fcb304a3dc037ba2a5a24
      size: 2244383634
    - path: data/raw/University of La Réunion 
        Data/dt2_electrical_production_inverter_1_with_faults.csv
      hash: md5
      md5: 79f7ca4af39347cf890b47f2b541e5f5
      size: 202733474
    - path: data/raw/University of La Réunion 
        Data/dt3_electrical_production_inverter_2.csv
      hash: md5
      md5: 5c8f9325643556d1487db20dc6b77cfb
      size: 189397065
    - path: src/data/ingestion.py
      hash: md5
      md5: 67fa74db8b461232afa24ff6d125d6c4
      size: 4352
    outs:
    - path: data/interim/reunion_dt2_merged.parquet
      hash: md5
      md5: d529e1bbcef3949ede21635c03040701
      size: 44545623
    - path: data/interim/reunion_dt3_merged.parquet
      hash: md5
      md5: c66f6875287d3f354eec2a47f8e4b17a
      size: 41752957
  split:
    cmd: uv run python -m src.data.split_pipeline
    deps:
    - path: configs/data_config.yaml
      hash: md5
      md5: 2e9c61230894a94fc88a7623f841ea9b
      size: 3816
    - path: data/interim/reunion_dt2_merged.parquet
      hash: md5
      md5: d529e1bbcef3949ede21635c03040701
      size: 44545623
    - path: src/data/split_pipeline.py
      hash: md5
      md5: 6e436caa7da11ad23bd5fba07c9709f2
      size: 10563
    - path: src/data/splitting.py
      hash: md5
      md5: 781994e47cfa25c3b2820055cfd8f670
      size: 27982
    outs:
    - path: data/interim/splits/anomaly_semisup/split_manifest.json
      hash: md5
      md5: 41c1faa8f9100f65d7c16ee4bc6ff8a0
      size: 862
    - path: data/interim/splits/anomaly_semisup/test.parquet
      hash: md5
      md5: 3672689128fc6489494f800bf538055c
      size: 13006353
    - path: data/interim/splits/anomaly_semisup/train.parquet
      hash: md5
      md5: 499c85a7936f6a49e9163aa7a306895d
      size: 46049024
    - path: data/interim/splits/anomaly_semisup/val.parquet
      hash: md5
      md5: 681b2a10975007eb2e7eb2b4a6aaa966
      size: 12832809
    - path: data/interim/splits/anomaly_supervised/split_manifest.json
      hash: md5
      md5: d1456dd8e76acb0add7b72e9fcc53977
      size: 2238
    - path: data/interim/splits/anomaly_supervised/test.parquet
      hash: md5
      md5: ed34e736122730b1f266128bd99a34e7
      size: 11717405
    - path: data/interim/splits/anomaly_supervised/train.parquet
      hash: md5
      md5: 4035bfb55194643b2d87222170f217ec
      size: 48613474
    - path: data/interim/splits/anomaly_supervised/val.parquet
      hash: md5
      md5: 34298391c62e9a02deeead61c997a730
      size: 11531385
    - path: data/interim/splits/classification/split_manifest.json
      hash: md5
      md5: a829406ae5abf57b0d8a72bc7bbdd7dc
      size: 485
    - path: data/interim/splits/classification/test.parquet
      hash: md5
      md5: 1a7ac45ad834eba43ed015313fdbdfb8
      size: 453951
    - path: data/interim/splits/classification/train.parquet
      hash: md5
      md5: 40a26ce8f940a61ccdce22b34a595972
      size: 1387467
    - path: data/interim/splits/classification/val.parquet
      hash: md5
      md5: cddda4bfbdfaa77fd8fa8facb0df1212
      size: 211136
    - path: data/interim/splits/prediction/split_manifest.json
      hash: md5
      md5: ac6e9f92f9a4c51099100c4743741c8f
      size: 1800
    - path: data/interim/splits/prediction/test.parquet
      hash: md5
      md5: c13ebb60cdaa32c682e4589ddda6a86e
      size: 11354491
    - path: data/interim/splits/prediction/train.parquet
      hash: md5
      md5: 923825ec9697b5e8d7667c4c0a518c82
      size: 49755954
    - path: data/interim/splits/prediction/val.parquet
      hash: md5
      md5: ce88ad7fbfda86b9de2854328c5c5e51
      size: 10791478
  preprocess:
    cmd: uv run python -m src.data.preprocess_pipeline
    deps:
    - path: configs/data_config.yaml
      hash: md5
      md5: 2e9c61230894a94fc88a7623f841ea9b
      size: 3816
    - path: data/interim/splits/anomaly_semisup/test.parquet
      hash: md5
      md5: 3672689128fc6489494f800bf538055c
      size: 13006353
    - path: data/interim/splits/anomaly_semisup/train.parquet
      hash: md5
      md5: 499c85a7936f6a49e9163aa7a306895d
      size: 46049024
    - path: data/interim/splits/anomaly_semisup/val.parquet
      hash: md5
      md5: 681b2a10975007eb2e7eb2b4a6aaa966
      size: 12832809
    - path: data/interim/splits/anomaly_supervised/test.parquet
      hash: md5
      md5: ed34e736122730b1f266128bd99a34e7
      size: 11717405
    - path: data/interim/splits/anomaly_supervised/train.parquet
      hash: md5
      md5: 4035bfb55194643b2d87222170f217ec
      size: 48613474
    - path: data/interim/splits/anomaly_supervised/val.parquet
      hash: md5
      md5: 34298391c62e9a02deeead61c997a730
      size: 11531385
    - path: data/interim/splits/classification/test.parquet
      hash: md5
      md5: 1a7ac45ad834eba43ed015313fdbdfb8
      size: 453951
    - path: data/interim/splits/classification/train.parquet
      hash: md5
      md5: 40a26ce8f940a61ccdce22b34a595972
      size: 1387467
    - path: data/interim/splits/classification/val.parquet
      hash: md5
      md5: cddda4bfbdfaa77fd8fa8facb0df1212
      size: 211136
    - path: data/interim/splits/prediction/test.parquet
      hash: md5
      md5: c13ebb60cdaa32c682e4589ddda6a86e
      size: 11354491
    - path: data/interim/splits/prediction/train.parquet
      hash: md5
      md5: 923825ec9697b5e8d7667c4c0a518c82
      size: 49755954
    - path: data/interim/splits/prediction/val.parquet
      hash: md5
      md5: ce88ad7fbfda86b9de2854328c5c5e51
      size: 10791478
    - path: src/data/preprocess_pipeline.py
      hash: md5
      md5: 32f51ef194a3d7cbffd648e506196da0
      size: 8072
    - path: src/data/preprocessing.py
      hash: md5
      md5: 1a82e93a6e4031a04868053fb0079977
      size: 19901
    outs:
    - path: data/processed/preprocessed/anomaly_semisup/test.parquet
      hash: md5
      md5: 40f354bcdcbe80c5b5cb032100dc64f1
      size: 33733131
    - path: data/processed/preprocessed/anomaly_semisup/train.parquet
      hash: md5
      md5: 1260884021ec3138a3c29c61e4d80d8a
      size: 117293855
    - path: data/processed/preprocessed/anomaly_semisup/val.parquet
      hash: md5
      md5: b9f2c8ed0fa8633ac5c533153ad19aab
      size: 33164695
    - path: data/processed/preprocessed/anomaly_supervised/test.parquet
      hash: md5
      md5: 8325c78870295813d132d64fbc34f40f
      size: 30207825
    - path: data/processed/preprocessed/anomaly_supervised/train.parquet
      hash: md5
      md5: 338c4d05dc3493681301ada0a4c1606d
      size: 124007876
    - path: data/processed/preprocessed/anomaly_supervised/val.parquet
      hash: md5
      md5: c2c2261e50786c86c9f3fec8c7bf4b27
      size: 29702677
    - path: data/processed/preprocessed/classification/test.parquet
      hash: md5
      md5: d7a41cf4cf28f7e4ac1f41012290edf1
      size: 1214410
    - path: data/processed/preprocessed/classification/train.parquet
      hash: md5
      md5: fdb0f80823b938e8202db8570ed5af62
      size: 3710482
    - path: data/processed/preprocessed/classification/val.parquet
      hash: md5
      md5: ac2dfa583c584709fce068ba03d4ddf0
      size: 558584
    - path: data/processed/preprocessed/prediction/test.parquet
      hash: md5
      md5: c680d36f6985e05f0a9e975f3fb18886
      size: 29280758
    - path: data/processed/preprocessed/prediction/train.parquet
      hash: md5
      md5: 27259650c74782079021d743c4718e27
      size: 126902896
    - path: data/processed/preprocessed/prediction/val.parquet
      hash: md5
      md5: 656ddd4a51f0bd194847b7d0a4d4ca3d
      size: 27613880
    - path: data/processed/preprocessed/preprocess_manifest.json
      hash: md5
      md5: ea34fdc9a62b85d8d8aebe3c046b6a2a
      size: 24558
